// !$*UTF8*$!
{
	archiveVersion = 1;
	classes = {
	};
	objectVersion = 50;
	objects = {

/* Begin PBXBuildFile section */
		ADB0466026DCEF3100B2E1C8 /* MultipleColumnsListSwiftUIApp.swift in Sources */ = {isa = PBXBuildFile; fileRef = ADB0465F26DCEF3100B2E1C8 /* MultipleColumnsListSwiftUIApp.swift */; };
		ADB0466226DCEF3100B2E1C8 /* ContentView.swift in Sources */ = {isa = PBXBuildFile; fileRef = ADB0466126DCEF3100B2E1C8 /* ContentView.swift */; };
		ADB0466426DCEF3300B2E1C8 /* Assets.xcassets in Resources */ = {isa = PBXBuildFile; fileRef = ADB0466326DCEF3300B2E1C8 /* Assets.xcassets */; };
		ADB0466726DCEF3300B2E1C8 /* Preview Assets.xcassets in Resources */ = {isa = PBXBuildFile; fileRef = ADB0466626DCEF3300B2E1C8 /* Preview Assets.xcassets */; };
		ADB0467226DCEF5700B2E1C8 /* MCListRow.swift in Sources */ = {isa = PBXBuildFile; fileRef = ADB0466F26DCEF5700B2E1C8 /* MCListRow.swift */; };
		ADB0467326DCEF5700B2E1C8 /* MultiColumnListViewModel.swift in Sources */ = {isa = PBXBuildFile; fileRef = ADB0467026DCEF5700B2E1C8 /* MultiColumnListViewModel.swift */; };
		ADB0467426DCEF5700B2E1C8 /* MultiColumnList.swift in Sources */ = {isa = PBXBuildFile; fileRef = ADB0467126DCEF5700B2E1C8 /* MultiColumnList.swift */; };
/* End PBXBuildFile section */

/* Begin PBXFileReference section */
		ADB0465C26DCEF3100B2E1C8 /* MultipleColumnsListSwiftUI.app */ = {isa = PBXFileReference; explicitFileType = wrapper.application; includeInIndex = 0; path = MultipleColumnsListSwiftUI.app; sourceTree = BUILT_PRODUCTS_DIR; };
		ADB0465F26DCEF3100B2E1C8 /* MultipleColumnsListSwiftUIApp.swift */ = {isa = PBXFileReference; lastKnownFileType = sourcecode.swift; path = MultipleColumnsListSwiftUIApp.swift; sourceTree = "<group>"; };
		ADB0466126DCEF3100B2E1C8 /* ContentView.swift */ = {isa = PBXFileReference; lastKnownFileType = sourcecode.swift; path = ContentView.swift; sourceTree = "<group>"; };
		ADB0466326DCEF3300B2E1C8 /* Assets.xcassets */ = {isa = PBXFileReference; lastKnownFileType = folder.assetcatalog; path = Assets.xcassets; sourceTree = "<group>"; };
		ADB0466626DCEF3300B2E1C8 /* Preview Assets.xcassets */ = {isa = PBXFileReference; lastKnownFileType = folder.assetcatalog; path = "Preview Assets.xcassets"; sourceTree = "<group>"; };
		ADB0466826DCEF3300B2E1C8 /* Info.plist */ = {isa = PBXFileReference; lastKnownFileType = text.plist.xml; path = Info.plist; sourceTree = "<group>"; };
		ADB0466F26DCEF5700B2E1C8 /* MCListRow.swift */ = {isa = PBXFileReference; fileEncoding = 4; lastKnownFileType = sourcecode.swift; path = MCListRow.swift; sourceTree = "<group>"; };
		ADB0467026DCEF5700B2E1C8 /* MultiColumnListViewModel.swift */ = {isa = PBXFileReference; fileEncoding = 4; lastKnownFileType = sourcecode.swift; path = MultiColumnListViewModel.swift; sourceTree = "<group>"; };
		ADB0467126DCEF5700B2E1C8 /* MultiColumnList.swift */ = {isa = PBXFileReference; fileEncoding = 4; lastKnownFileType = sourcecode.swift; path = MultiColumnList.swift; sourceTree = "<group>"; };
/* End PBXFileReference section */

/* Begin PBXFrameworksBuildPhase section */
		ADB0465926DCEF3100B2E1C8 /* Frameworks */ = {
			isa = PBXFrameworksBuildPhase;
			buildActionMask = 2147483647;
			files = (
			);
			runOnlyForDeploymentPostprocessing = 0;
		};
/* End PBXFrameworksBuildPhase section */

/* Begin PBXGroup section */
		ADB0465326DCEF3100B2E1C8 = {
			isa = PBXGroup;
			children = (
				ADB0465E26DCEF3100B2E1C8 /* MultipleColumnsListSwiftUI */,
				ADB0465D26DCEF3100B2E1C8 /* Products */,
			);
			sourceTree = "<group>";
		};
		ADB0465D26DCEF3100B2E1C8 /* Products */ = {
			isa = PBXGroup;
			children = (
				ADB0465C26DCEF3100B2E1C8 /* MultipleColumnsListSwiftUI.app */,
			);
			name = Products;
			sourceTree = "<group>";
		};
		ADB0465E26DCEF3100B2E1C8 /* MultipleColumnsListSwiftUI */ = {
			isa = PBXGroup;
			children = (
				ADB0466E26DCEF5000B2E1C8 /* MCList */,
				ADB0465F26DCEF3100B2E1C8 /* MultipleColumnsListSwiftUIApp.swift */,
				ADB0466126DCEF3100B2E1C8 /* ContentView.swift */,
				ADB0466326DCEF3300B2E1C8 /* Assets.xcassets */,
				ADB0466826DCEF3300B2E1C8 /* Info.plist */,
				ADB0466526DCEF3300B2E1C8 /* Preview Content */,
			);
			path = MultipleColumnsListSwiftUI;
			sourceTree = "<group>";
		};
		ADB0466526DCEF3300B2E1C8 /* Preview Content */ = {
			isa = PBXGroup;
			children = (
				ADB0466626DCEF3300B2E1C8 /* Preview Assets.xcassets */,
			);
			path = "Preview Content";
			sourceTree = "<group>";
		};
		ADB0466E26DCEF5000B2E1C8 /* MCList */ = {
			isa = PBXGroup;
			children = (
				ADB0466F26DCEF5700B2E1C8 /* MCListRow.swift */,
				ADB0467126DCEF5700B2E1C8 /* MultiColumnList.swift */,
				ADB0467026DCEF5700B2E1C8 /* MultiColumnListViewModel.swift */,
			);
			path = MCList;
			sourceTree = "<group>";
		};
/* End PBXGroup section */

/* Begin PBXNativeTarget section */
		ADB0465B26DCEF3100B2E1C8 /* MultipleColumnsListSwiftUI */ = {
			isa = PBXNativeTarget;
			buildConfigurationList = ADB0466B26DCEF3300B2E1C8 /* Build configuration list for PBXNativeTarget "MultipleColumnsListSwiftUI" */;
			buildPhases = (
				ADB0465826DCEF3100B2E1C8 /* Sources */,
				ADB0465926DCEF3100B2E1C8 /* Frameworks */,
				ADB0465A26DCEF3100B2E1C8 /* Resources */,
			);
			buildRules = (
			);
			dependencies = (
			);
			name = MultipleColumnsListSwiftUI;
			productName = MultipleColumnsListSwiftUI;
			productReference = ADB0465C26DCEF3100B2E1C8 /* MultipleColumnsListSwiftUI.app */;
			productType = "com.apple.product-type.application";
		};
/* End PBXNativeTarget section */

/* Begin PBXProject section */
		ADB0465426DCEF3100B2E1C8 /* Project object */ = {
			isa = PBXProject;
			attributes = {
				LastSwiftUpdateCheck = 1250;
				LastUpgradeCheck = 1250;
				TargetAttributes = {
					ADB0465B26DCEF3100B2E1C8 = {
						CreatedOnToolsVersion = 12.5.1;
					};
				};
			};
			buildConfigurationList = ADB0465726DCEF3100B2E1C8 /* Build configuration list for PBXProject "MultipleColumnsListSwiftUI" */;
			compatibilityVersion = "Xcode 9.3";
			developmentRegion = en;
			hasScannedForEncodings = 0;
			knownRegions = (
				en,
				Base,
			);
			mainGroup = ADB0465326DCEF3100B2E1C8;
			productRefGroup = ADB0465D26DCEF3100B2E1C8 /* Products */;
			projectDirPath = "";
			projectRoot = "";
			targets = (
				ADB0465B26DCEF3100B2E1C8 /* MultipleColumnsListSwiftUI */,
			);
		};
/* End PBXProject section */

/* Begin PBXResourcesBuildPhase section */
		ADB0465A26DCEF3100B2E1C8 /* Resources */ = {
			isa = PBXResourcesBuildPhase;
			buildActionMask = 2147483647;
			files = (
				ADB0466726DCEF3300B2E1C8 /* Preview Assets.xcassets in Resources */,
				ADB0466426DCEF3300B2E1C8 /* Assets.xcassets in Resources */,
			);
			runOnlyForDeploymentPostprocessing = 0;
		};
/* End PBXResourcesBuildPhase section */

/* Begin PBXSourcesBuildPhase section */
		ADB0465826DCEF3100B2E1C8 /* Sources */ = {
			isa = PBXSourcesBuildPhase;
			buildActionMask = 2147483647;
			files = (
				ADB0466226DCEF3100B2E1C8 /* ContentView.swift in Sources */,
				ADB0467226DCEF5700B2E1C8 /* MCListRow.swift in Sources */,
				ADB0467426DCEF5700B2E1C8 /* MultiColumnList.swift in Sources */,
				ADB0467326DCEF5700B2E1C8 /* MultiColumnListViewModel.swift in Sources */,
				ADB0466026DCEF3100B2E1C8 /* MultipleColumnsListSwiftUIApp.swift in Sources */,
			);
			runOnlyForDeploymentPostprocessing = 0;
		};
/* End PBXSourcesBuildPhase section */

/* Begin XCBuildConfiguration section */
		ADB0466926DCEF3300B2E1C8 /* Debug */ = {
			isa = XCBuildConfiguration;
			buildSettings = {
				ALWAYS_SEARCH_USER_PATHS = NO;
				CLANG_ANALYZER_NONNULL = YES;
				CLANG_ANALYZER_NUMBER_OBJECT_CONVERSION = YES_AGGRESSIVE;
				CLANG_CXX_LANGUAGE_STANDARD = "gnu++14";
				CLANG_CXX_LIBRARY = "libc++";
				CLANG_ENABLE_MODULES = YES;
				CLANG_ENABLE_OBJC_ARC = YES;
				CLANG_ENABLE_OBJC_WEAK = YES;
				CLANG_WARN_BLOCK_CAPTURE_AUTORELEASING = YES;
				CLANG_WARN_BOOL_CONVERSION = YES;
				CLANG_WARN_COMMA = YES;
				CLANG_WARN_CONSTANT_CONVERSION = YES;
				CLANG_WARN_DEPRECATED_OBJC_IMPLEMENTATIONS = YES;
				CLANG_WARN_DIRECT_OBJC_ISA_USAGE = YES_ERROR;
				CLANG_WARN_DOCUMENTATION_COMMENTS = YES;
				CLANG_WARN_EMPTY_BODY = YES;
				CLANG_WARN_ENUM_CONVERSION = YES;
				CLANG_WARN_INFINITE_RECURSION = YES;
				CLANG_WARN_INT_CONVERSION = YES;
				CLANG_WARN_NON_LITERAL_NULL_CONVERSION = YES;
				CLANG_WARN_OBJC_IMPLICIT_RETAIN_SELF = YES;
				CLANG_WARN_OBJC_LITERAL_CONVERSION = YES;
				CLANG_WARN_OBJC_ROOT_CLASS = YES_ERROR;
				CLANG_WARN_QUOTED_INCLUDE_IN_FRAMEWORK_HEADER = YES;
				CLANG_WARN_RANGE_LOOP_ANALYSIS = YES;
				CLANG_WARN_STRICT_PROTOTYPES = YES;
				CLANG_WARN_SUSPICIOUS_MOVE = YES;
				CLANG_WARN_UNGUARDED_AVAILABILITY = YES_AGGRESSIVE;
				CLANG_WARN_UNREACHABLE_CODE = YES;
				CLANG_WARN__DUPLICATE_METHOD_MATCH = YES;
				COPY_PHASE_STRIP = NO;
				DEBUG_INFORMATION_FORMAT = dwarf;
				ENABLE_STRICT_OBJC_MSGSEND = YES;
				ENABLE_TESTABILITY = YES;
				GCC_C_LANGUAGE_STANDARD = gnu11;
				GCC_DYNAMIC_NO_PIC = NO;
				GCC_NO_COMMON_BLOCKS = YES;
				GCC_OPTIMIZATION_LEVEL = 0;
				GCC_PREPROCESSOR_DEFINITIONS = (
					"DEBUG=1",
					"$(inherited)",
				);
				GCC_WARN_64_TO_32_BIT_CONVERSION = YES;
				GCC_WARN_ABOUT_RETURN_TYPE = YES_ERROR;
				GCC_WARN_UNDECLARED_SELECTOR = YES;
				GCC_WARN_UNINITIALIZED_AUTOS = YES_AGGRESSIVE;
				GCC_WARN_UNUSED_FUNCTION = YES;
				GCC_WARN_UNUSED_VARIABLE = YES;
				IPHONEOS_DEPLOYMENT_TARGET = 14.5;
				MTL_ENABLE_DEBUG_INFO = INCLUDE_SOURCE;
				MTL_FAST_MATH = YES;
				ONLY_ACTIVE_ARCH = YES;
				SDKROOT = iphoneos;
				SWIFT_ACTIVE_COMPILATION_CONDITIONS = DEBUG;
				SWIFT_OPTIMIZATION_LEVEL = "-Onone";
			};
			name = Debug;
		};
		ADB0466A26DCEF3300B2E1C8 /* Release */ = {
			isa = XCBuildConfiguration;
			buildSettings = {
				ALWAYS_SEARCH_USER_PATHS = NO;
				CLANG_ANALYZER_NONNULL = YES;
				CLANG_ANALYZER_NUMBER_OBJECT_CONVERSION = YES_AGGRESSIVE;
				CLANG_CXX_LANGUAGE_STANDARD = "gnu++14";
				CLANG_CXX_LIBRARY = "libc++";
				CLANG_ENABLE_MODULES = YES;
				CLANG_ENABLE_OBJC_ARC = YES;
				CLANG_ENABLE_OBJC_WEAK = YES;
				CLANG_WARN_BLOCK_CAPTURE_AUTORELEASING = YES;
				CLANG_WARN_BOOL_CONVERSION = YES;
				CLANG_WARN_COMMA = YES;
				CLANG_WARN_CONSTANT_CONVERSION = YES;
				CLANG_WARN_DEPRECATED_OBJC_IMPLEMENTATIONS = YES;
				CLANG_WARN_DIRECT_OBJC_ISA_USAGE = YES_ERROR;
				CLANG_WARN_DOCUMENTATION_COMMENTS = YES;
				CLANG_WARN_EMPTY_BODY = YES;
				CLANG_WARN_ENUM_CONVERSION = YES;
				CLANG_WARN_INFINITE_RECURSION = YES;
				CLANG_WARN_INT_CONVERSION = YES;
				CLANG_WARN_NON_LITERAL_NULL_CONVERSION = YES;
				CLANG_WARN_OBJC_IMPLICIT_RETAIN_SELF = YES;
				CLANG_WARN_OBJC_LITERAL_CONVERSION = YES;
				CLANG_WARN_OBJC_ROOT_CLASS = YES_ERROR;
				CLANG_WARN_QUOTED_INCLUDE_IN_FRAMEWORK_HEADER = YES;
				CLANG_WARN_RANGE_LOOP_ANALYSIS = YES;
				CLANG_WARN_STRICT_PROTOTYPES = YES;
				CLANG_WARN_SUSPICIOUS_MOVE = YES;
				CLANG_WARN_UNGUARDED_AVAILABILITY = YES_AGGRESSIVE;
				CLANG_WARN_UNREACHABLE_CODE = YES;
				CLANG_WARN__DUPLICATE_METHOD_MATCH = YES;
				COPY_PHASE_STRIP = NO;
				DEBUG_INFORMATION_FORMAT = "dwarf-with-dsym";
				ENABLE_NS_ASSERTIONS = NO;
				ENABLE_STRICT_OBJC_MSGSEND = YES;
				GCC_C_LANGUAGE_STANDARD = gnu11;
				GCC_NO_COMMON_BLOCKS = YES;
				GCC_WARN_64_TO_32_BIT_CONVERSION = YES;
				GCC_WARN_ABOUT_RETURN_TYPE = YES_ERROR;
				GCC_WARN_UNDECLARED_SELECTOR = YES;
				GCC_WARN_UNINITIALIZED_AUTOS = YES_AGGRESSIVE;
				GCC_WARN_UNUSED_FUNCTION = YES;
				GCC_WARN_UNUSED_VARIABLE = YES;
				IPHONEOS_DEPLOYMENT_TARGET = 14.5;
				MTL_ENABLE_DEBUG_INFO = NO;
				MTL_FAST_MATH = YES;
				SDKROOT = iphoneos;
				SWIFT_COMPILATION_MODE = wholemodule;
				SWIFT_OPTIMIZATION_LEVEL = "-O";
				VALIDATE_PRODUCT = YES;
			};
			name = Release;
		};
		ADB0466C26DCEF3300B2E1C8 /* Debug */ = {
			isa = XCBuildConfiguration;
			buildSettings = {
				ASSETCATALOG_COMPILER_APPICON_NAME = AppIcon;
				ASSETCATALOG_COMPILER_GLOBAL_ACCENT_COLOR_NAME = AccentColor;
				CODE_SIGN_STYLE = Automatic;
				DEVELOPMENT_ASSET_PATHS = "\"MultipleColumnsListSwiftUI/Preview Content\"";
				DEVELOPMENT_TEAM = LHAYGSB5VA;
				ENABLE_PREVIEWS = YES;
				INFOPLIST_FILE = MultipleColumnsListSwiftUI/Info.plist;
				IPHONEOS_DEPLOYMENT_TARGET = 14.0;
				LD_RUNPATH_SEARCH_PATHS = (
					"$(inherited)",
					"@executable_path/Frameworks",
				);
				PRODUCT_BUNDLE_IDENTIFIER = com.chr1s78.MultipleColumnsListSwiftUI;
				PRODUCT_NAME = "$(TARGET_NAME)";
				SWIFT_VERSION = 5.0;
				TARGETED_DEVICE_FAMILY = 1;
			};
			name = Debug;
		};
		ADB0466D26DCEF3300B2E1C8 /* Release */ = {
			isa = XCBuildConfiguration;
			buildSettings = {
				ASSETCATALOG_COMPILER_APPICON_NAME = AppIcon;
				ASSETCATALOG_COMPILER_GLOBAL_ACCENT_COLOR_NAME = AccentColor;
				CODE_SIGN_STYLE = Automatic;
				DEVELOPMENT_ASSET_PATHS = "\"MultipleColumnsListSwiftUI/Preview Content\"";
				DEVELOPMENT_TEAM = LHAYGSB5VA;
				ENABLE_PREVIEWS = YES;
				INFOPLIST_FILE = MultipleColumnsListSwiftUI/Info.plist;
				IPHONEOS_DEPLOYMENT_TARGET = 14.0;
				LD_RUNPATH_SEARCH_PATHS = (
					"$(inherited)",
					"@executable_path/Frameworks",
				);
				PRODUCT_BUNDLE_IDENTIFIER = com.chr1s78.MultipleColumnsListSwiftUI;
				PRODUCT_NAME = "$(TARGET_NAME)";
				SWIFT_VERSION = 5.0;
				TARGETED_DEVICE_FAMILY = 1;
			};
			name = Release;
		};
/* End XCBuildConfiguration section */

/* Begin XCConfigurationList section */
		ADB0465726DCEF3100B2E1C8 /* Build configuration list for PBXProject "MultipleColumnsListSwiftUI" */ = {
			isa = XCConfigurationList;
			buildConfigurations = (
				ADB0466926DCEF3300B2E1C8 /* Debug */,
				ADB0466A26DCEF3300B2E1C8 /* Release */,
			);
			defaultConfigurationIsVisible = 0;
			defaultConfigurationName = Release;
		};
		ADB0466B26DCEF3300B2E1C8 /* Build configuration list for PBXNativeTarget "MultipleColumnsListSwiftUI" */ = {
			isa = XCConfigurationList;
			buildConfigurations = (
				ADB0466C26DCEF3300B2E1C8 /* Debug */,
				ADB0466D26DCEF3300B2E1C8 /* Release */,
			);
			defaultConfigurationIsVisible = 0;
			defaultConfigurationName = Release;
		};
/* End XCConfigurationList section */
	};
	rootObject = ADB0465426DCEF3100B2E1C8 /* Project object */;
}
